# THIS IS AN AUTOGENERATED FILE. DO NOT EDIT THIS FILE DIRECTLY.
# yarn lockfile v1


"@rescript/std@^9.1.4":
  version "9.1.4"
  resolved "https://registry.yarnpkg.com/@rescript/std/-/std-9.1.4.tgz#94971cb504b10d36d470618fa1c6f0a2d03a6b9b"
  integrity sha512-OHBORysVe6vmyllL24S2sXiwLGrpVRbZW5k2FverbjY3QF81VoyCRYL6kMOSNMEn9GseO/oDubK8+nvVzCSVMA==

rescript@^9.1.4:
  version "9.1.4"
  resolved "https://registry.yarnpkg.com/rescript/-/rescript-9.1.4.tgz#1eb126f98d6c16942c0bf0df67c050198e580515"
  integrity sha512-aXANK4IqecJzdnDpJUsU6pxMViCR5ogAxzuqS0mOr8TloMnzAjJFu63fjD6LCkWrKAhlMkFFzQvVQYaAaVkFXw==
